
Microsoft Visual Studio Solution File, Format Version 12.00
# Visual Studio 15
Project("{FAE04EC0-301F-11D3-BF4B-00C04F79EFBC}") = "TravelRecordApp.Android", "TravelRecordApp.Android\TravelRecordApp.Android.csproj", "{CAAF2BEE-A60F-4061-951D-B053C3467F90}"
EndProject
Project("{FAE04EC0-301F-11D3-BF4B-00C04F79EFBC}") = "TravelRecordApp.iOS", "TravelRecordApp.iOS\TravelRecordApp.iOS.csproj", "{3474F358-D833-43B1-B6CD-F3DED34E53E4}"
EndProject
Project("{FAE04EC0-301F-11D3-BF4B-00C04F79EFBC}") = "TravelRecordApp", "TravelRecordApp\TravelRecordApp.csproj", "{CC2CB5D4-CC02-4CAC-B6EE-2CA1F7C31FFC}"
EndProject
Global
	GlobalSection(SolutionConfigurationPlatforms) = preSolution
		Debug|Any CPU = Debug|Any CPU
		Release|Any CPU = Release|Any CPU
		Debug|iPhoneSimulator = Debug|iPhoneSimulator
		Release|iPhoneSimulator = Release|iPhoneSimulator
		Debug|iPhone = Debug|iPhone
		Release|iPhone = Release|iPhone
	EndGlobalSection
	GlobalSection(ProjectConfigurationPlatforms) = postSolution
		{CAAF2BEE-A60F-4061-951D-B053C3467F90}.Debug|Any CPU.ActiveCfg = Debug|Any CPU
		{CAAF2BEE-A60F-4061-951D-B053C3467F90}.Debug|Any CPU.Build.0 = Debug|Any CPU
		{CAAF2BEE-A60F-4061-951D-B053C3467F90}.Release|Any CPU.ActiveCfg = Release|Any CPU
		{CAAF2BEE-A60F-4061-951D-B053C3467F90}.Release|Any CPU.Build.0 = Release|Any CPU
		{CAAF2BEE-A60F-4061-951D-B053C3467F90}.Debug|iPhoneSimulator.ActiveCfg = Debug|Any CPU
		{CAAF2BEE-A60F-4061-951D-B053C3467F90}.Debug|iPhoneSimulator.Build.0 = Debug|Any CPU
		{CAAF2BEE-A60F-4061-951D-B053C3467F90}.Release|iPhoneSimulator.ActiveCfg = Release|Any CPU
		{CAAF2BEE-A60F-4061-951D-B053C3467F90}.Release|iPhoneSimulator.Build.0 = Release|Any CPU
		{CAAF2BEE-A60F-4061-951D-B053C3467F90}.Debug|iPhone.ActiveCfg = Debug|Any CPU
		{CAAF2BEE-A60F-4061-951D-B053C3467F90}.Debug|iPhone.Build.0 = Debug|Any CPU
		{CAAF2BEE-A60F-4061-951D-B053C3467F90}.Release|iPhone.ActiveCfg = Release|Any CPU
		{CAAF2BEE-A60F-4061-951D-B053C3467F90}.Release|iPhone.Build.0 = Release|Any CPU
		{3474F358-D833-43B1-B6CD-F3DED34E53E4}.Debug|Any CPU.ActiveCfg = Debug|iPhoneSimulator
		{3474F358-D833-43B1-B6CD-F3DED34E53E4}.Debug|Any CPU.Build.0 = Debug|iPhoneSimulator
		{3474F358-D833-43B1-B6CD-F3DED34E53E4}.Release|Any CPU.ActiveCfg = Release|iPhoneSimulator
		{3474F358-D833-43B1-B6CD-F3DED34E53E4}.Release|Any CPU.Build.0 = Release|iPhoneSimulator
		{3474F358-D833-43B1-B6CD-F3DED34E53E4}.Debug|iPhoneSimulator.ActiveCfg = Debug|iPhoneSimulator
		{3474F358-D833-43B1-B6CD-F3DED34E53E4}.Debug|iPhoneSimulator.Build.0 = Debug|iPhoneSimulator
		{3474F358-D833-43B1-B6CD-F3DED34E53E4}.Release|iPhoneSimulator.ActiveCfg = Release|iPhoneSimulator
		{3474F358-D833-43B1-B6CD-F3DED34E53E4}.Release|iPhoneSimulator.Build.0 = Release|iPhoneSimulator
		{3474F358-D833-43B1-B6CD-F3DED34E53E4}.Debug|iPhone.ActiveCfg = Debug|iPhone
		{3474F358-D833-43B1-B6CD-F3DED34E53E4}.Debug|iPhone.Build.0 = Debug|iPhone
		{3474F358-D833-43B1-B6CD-F3DED34E53E4}.Release|iPhone.ActiveCfg = Release|iPhone
		{3474F358-D833-43B1-B6CD-F3DED34E53E4}.Release|iPhone.Build.0 = Release|iPhone
		{CC2CB5D4-CC02-4CAC-B6EE-2CA1F7C31FFC}.Debug|Any CPU.ActiveCfg = Debug|Any CPU
		{CC2CB5D4-CC02-4CAC-B6EE-2CA1F7C31FFC}.Debug|Any CPU.Build.0 = Debug|Any CPU
		{CC2CB5D4-CC02-4CAC-B6EE-2CA1F7C31FFC}.Release|Any CPU.ActiveCfg = Release|Any CPU
		{CC2CB5D4-CC02-4CAC-B6EE-2CA1F7C31FFC}.Release|Any CPU.Build.0 = Release|Any CPU
		{CC2CB5D4-CC02-4CAC-B6EE-2CA1F7C31FFC}.Debug|iPhoneSimulator.ActiveCfg = Debug|Any CPU
		{CC2CB5D4-CC02-4CAC-B6EE-2CA1F7C31FFC}.Debug|iPhoneSimulator.Build.0 = Debug|Any CPU
		{CC2CB5D4-CC02-4CAC-B6EE-2CA1F7C31FFC}.Release|iPhoneSimulator.ActiveCfg = Release|Any CPU
		{CC2CB5D4-CC02-4CAC-B6EE-2CA1F7C31FFC}.Release|iPhoneSimulator.Build.0 = Release|Any CPU
		{CC2CB5D4-CC02-4CAC-B6EE-2CA1F7C31FFC}.Debug|iPhone.ActiveCfg = Debug|Any CPU
		{CC2CB5D4-CC02-4CAC-B6EE-2CA1F7C31FFC}.Debug|iPhone.Build.0 = Debug|Any CPU
		{CC2CB5D4-CC02-4CAC-B6EE-2CA1F7C31FFC}.Release|iPhone.ActiveCfg = Release|Any CPU
		{CC2CB5D4-CC02-4CAC-B6EE-2CA1F7C31FFC}.Release|iPhone.Build.0 = Release|Any CPU
	EndGlobalSection
EndGlobal
